
Microsoft Visual Studio Solution File, Format Version 12.00
# Visual Studio Version 16
VisualStudioVersion = 16.0.33423.256
MinimumVisualStudioVersion = 10.0.40219.1
Project("{FAE04EC0-301F-11D3-BF4B-00C04F79EFBC}") = "InvoiceBilling", "InvoiceBilling\InvoiceBilling.csproj", "{4236C099-A6EB-4846-A863-723E2F0C25A4}"
EndProject
Global
	GlobalSection(SolutionConfigurationPlatforms) = preSolution
		Debug|Any CPU = Debug|Any CPU
		Release|Any CPU = Release|Any CPU
	EndGlobalSection
	GlobalSection(ProjectConfigurationPlatforms) = postSolution
		{4236C099-A6EB-4846-A863-723E2F0C25A4}.Debug|Any CPU.ActiveCfg = Debug|Any CPU
		{4236C099-A6EB-4846-A863-723E2F0C25A4}.Debug|Any CPU.Build.0 = Debug|Any CPU
		{4236C099-A6EB-4846-A863-723E2F0C25A4}.Release|Any CPU.ActiveCfg = Release|Any CPU
		{4236C099-A6EB-4846-A863-723E2F0C25A4}.Release|Any CPU.Build.0 = Release|Any CPU
	EndGlobalSection
	GlobalSection(SolutionProperties) = preSolution
		HideSolutionNode = FALSE
	EndGlobalSection
	GlobalSection(ExtensibilityGlobals) = postSolution
		SolutionGuid = {D4E63B3E-408C-4AE9-AB4A-4AB373FDA364}
	EndGlobalSection
EndGlobal
